// !$*UTF8*$!
{
	archiveVersion = 1;
	classes = {
	};
	objectVersion = 50;
	objects = {

/* Begin PBXBuildFile section */
		2267B32624ACB861009827E5 /* AppDelegate.m in Sources */ = {isa = PBXBuildFile; fileRef = 2267B32524ACB861009827E5 /* AppDelegate.m */; };
		2267B32924ACB861009827E5 /* SceneDelegate.m in Sources */ = {isa = PBXBuildFile; fileRef = 2267B32824ACB861009827E5 /* SceneDelegate.m */; };
		2267B32C24ACB861009827E5 /* ViewController.m in Sources */ = {isa = PBXBuildFile; fileRef = 2267B32B24ACB861009827E5 /* ViewController.m */; };
		2267B32F24ACB861009827E5 /* Main.storyboard in Resources */ = {isa = PBXBuildFile; fileRef = 2267B32D24ACB861009827E5 /* Main.storyboard */; };
		2267B33124ACB867009827E5 /* Assets.xcassets in Resources */ = {isa = PBXBuildFile; fileRef = 2267B33024ACB867009827E5 /* Assets.xcassets */; };
		2267B33424ACB867009827E5 /* LaunchScreen.storyboard in Resources */ = {isa = PBXBuildFile; fileRef = 2267B33224ACB867009827E5 /* LaunchScreen.storyboard */; };
		2267B33724ACB867009827E5 /* main.m in Sources */ = {isa = PBXBuildFile; fileRef = 2267B33624ACB867009827E5 /* main.m */; };
/* End PBXBuildFile section */

/* Begin PBXFileReference section */
		2267B32124ACB861009827E5 /* FoodVerse.app */ = {isa = PBXFileReference; explicitFileType = wrapper.application; includeInIndex = 0; path = FoodVerse.app; sourceTree = BUILT_PRODUCTS_DIR; };
		2267B32424ACB861009827E5 /* AppDelegate.h */ = {isa = PBXFileReference; lastKnownFileType = sourcecode.c.h; path = AppDelegate.h; sourceTree = "<group>"; };
		2267B32524ACB861009827E5 /* AppDelegate.m */ = {isa = PBXFileReference; lastKnownFileType = sourcecode.c.objc; path = AppDelegate.m; sourceTree = "<group>"; };
		2267B32724ACB861009827E5 /* SceneDelegate.h */ = {isa = PBXFileReference; lastKnownFileType = sourcecode.c.h; path = SceneDelegate.h; sourceTree = "<group>"; };
		2267B32824ACB861009827E5 /* SceneDelegate.m */ = {isa = PBXFileReference; lastKnownFileType = sourcecode.c.objc; path = SceneDelegate.m; sourceTree = "<group>"; };
		2267B32A24ACB861009827E5 /* ViewController.h */ = {isa = PBXFileReference; lastKnownFileType = sourcecode.c.h; path = ViewController.h; sourceTree = "<group>"; };
		2267B32B24ACB861009827E5 /* ViewController.m */ = {isa = PBXFileReference; lastKnownFileType = sourcecode.c.objc; path = ViewController.m; sourceTree = "<group>"; };
		2267B32E24ACB861009827E5 /* Base */ = {isa = PBXFileReference; lastKnownFileType = file.storyboard; name = Base; path = Base.lproj/Main.storyboard; sourceTree = "<group>"; };
		2267B33024ACB867009827E5 /* Assets.xcassets */ = {isa = PBXFileReference; lastKnownFileType = folder.assetcatalog; path = Assets.xcassets; sourceTree = "<group>"; };
		2267B33324ACB867009827E5 /* Base */ = {isa = PBXFileReference; lastKnownFileType = file.storyboard; name = Base; path = Base.lproj/LaunchScreen.storyboard; sourceTree = "<group>"; };
		2267B33524ACB867009827E5 /* Info.plist */ = {isa = PBXFileReference; lastKnownFileType = text.plist.xml; path = Info.plist; sourceTree = "<group>"; };
		2267B33624ACB867009827E5 /* main.m */ = {isa = PBXFileReference; lastKnownFileType = sourcecode.c.objc; path = main.m; sourceTree = "<group>"; };
/* End PBXFileReference section */

/* Begin PBXFrameworksBuildPhase section */
		2267B31E24ACB861009827E5 /* Frameworks */ = {
			isa = PBXFrameworksBuildPhase;
			buildActionMask = 2147483647;
			files = (
			);
			runOnlyForDeploymentPostprocessing = 0;
		};
/* End PBXFrameworksBuildPhase section */

/* Begin PBXGroup section */
		2267B31824ACB861009827E5 = {
			isa = PBXGroup;
			children = (
				2267B32324ACB861009827E5 /* FoodVerse */,
				2267B32224ACB861009827E5 /* Products */,
			);
			sourceTree = "<group>";
		};
		2267B32224ACB861009827E5 /* Products */ = {
			isa = PBXGroup;
			children = (
				2267B32124ACB861009827E5 /* FoodVerse.app */,
			);
			name = Products;
			sourceTree = "<group>";
		};
		2267B32324ACB861009827E5 /* FoodVerse */ = {
			isa = PBXGroup;
			children = (
				2267B32424ACB861009827E5 /* AppDelegate.h */,
				2267B32524ACB861009827E5 /* AppDelegate.m */,
				2267B32724ACB861009827E5 /* SceneDelegate.h */,
				2267B32824ACB861009827E5 /* SceneDelegate.m */,
				2267B32A24ACB861009827E5 /* ViewController.h */,
				2267B32B24ACB861009827E5 /* ViewController.m */,
				2267B32D24ACB861009827E5 /* Main.storyboard */,
				2267B33024ACB867009827E5 /* Assets.xcassets */,
				2267B33224ACB867009827E5 /* LaunchScreen.storyboard */,
				2267B33524ACB867009827E5 /* Info.plist */,
				2267B33624ACB867009827E5 /* main.m */,
			);
			path = FoodVerse;
			sourceTree = "<group>";
		};
/* End PBXGroup section */

/* Begin PBXNativeTarget section */
		2267B32024ACB861009827E5 /* FoodVerse */ = {
			isa = PBXNativeTarget;
			buildConfigurationList = 2267B33A24ACB867009827E5 /* Build configuration list for PBXNativeTarget "FoodVerse" */;
			buildPhases = (
				2267B31D24ACB861009827E5 /* Sources */,
				2267B31E24ACB861009827E5 /* Frameworks */,
				2267B31F24ACB861009827E5 /* Resources */,
			);
			buildRules = (
			);
			dependencies = (
			);
			name = FoodVerse;
			productName = FoodVerse;
			productReference = 2267B32124ACB861009827E5 /* FoodVerse.app */;
			productType = "com.apple.product-type.application";
		};
/* End PBXNativeTarget section */

/* Begin PBXProject section */
		2267B31924ACB861009827E5 /* Project object */ = {
			isa = PBXProject;
			attributes = {
				LastUpgradeCheck = 1150;
				ORGANIZATIONNAME = "Sourav Jangra";
				TargetAttributes = {
					2267B32024ACB861009827E5 = {
						CreatedOnToolsVersion = 11.5;
					};
				};
			};
			buildConfigurationList = 2267B31C24ACB861009827E5 /* Build configuration list for PBXProject "FoodVerse" */;
			compatibilityVersion = "Xcode 9.3";
			developmentRegion = en;
			hasScannedForEncodings = 0;
			knownRegions = (
				en,
				Base,
			);
			mainGroup = 2267B31824ACB861009827E5;
			productRefGroup = 2267B32224ACB861009827E5 /* Products */;
			projectDirPath = "";
			projectRoot = "";
			targets = (
				2267B32024ACB861009827E5 /* FoodVerse */,
			);
		};
/* End PBXProject section */

/* Begin PBXResourcesBuildPhase section */
		2267B31F24ACB861009827E5 /* Resources */ = {
			isa = PBXResourcesBuildPhase;
			buildActionMask = 2147483647;
			files = (
				2267B33424ACB867009827E5 /* LaunchScreen.storyboard in Resources */,
				2267B33124ACB867009827E5 /* Assets.xcassets in Resources */,
				2267B32F24ACB861009827E5 /* Main.storyboard in Resources */,
			);
			runOnlyForDeploymentPostprocessing = 0;
		};
/* End PBXResourcesBuildPhase section */

/* Begin PBXSourcesBuildPhase section */
		2267B31D24ACB861009827E5 /* Sources */ = {
			isa = PBXSourcesBuildPhase;
			buildActionMask = 2147483647;
			files = (
				2267B32C24ACB861009827E5 /* ViewController.m in Sources */,
				2267B32624ACB861009827E5 /* AppDelegate.m in Sources */,
				2267B33724ACB867009827E5 /* main.m in Sources */,
				2267B32924ACB861009827E5 /* SceneDelegate.m in Sources */,
			);
			runOnlyForDeploymentPostprocessing = 0;
		};
/* End PBXSourcesBuildPhase section */

/* Begin PBXVariantGroup section */
		2267B32D24ACB861009827E5 /* Main.storyboard */ = {
			isa = PBXVariantGroup;
			children = (
				2267B32E24ACB861009827E5 /* Base */,
			);
			name = Main.storyboard;
			sourceTree = "<group>";
		};
		2267B33224ACB867009827E5 /* LaunchScreen.storyboard */ = {
			isa = PBXVariantGroup;
			children = (
				2267B33324ACB867009827E5 /* Base */,
			);
			name = LaunchScreen.storyboard;
			sourceTree = "<group>";
		};
/* End PBXVariantGroup section */

/* Begin XCBuildConfiguration section */
		2267B33824ACB867009827E5 /* Debug */ = {
			isa = XCBuildConfiguration;
			buildSettings = {
				ALWAYS_SEARCH_USER_PATHS = NO;
				CLANG_ANALYZER_NONNULL = YES;
				CLANG_ANALYZER_NUMBER_OBJECT_CONVERSION = YES_AGGRESSIVE;
				CLANG_CXX_LANGUAGE_STANDARD = "gnu++14";
				CLANG_CXX_LIBRARY = "libc++";
				CLANG_ENABLE_MODULES = YES;
				CLANG_ENABLE_OBJC_ARC = YES;
				CLANG_ENABLE_OBJC_WEAK = YES;
				CLANG_WARN_BLOCK_CAPTURE_AUTORELEASING = YES;
				CLANG_WARN_BOOL_CONVERSION = YES;
				CLANG_WARN_COMMA = YES;
				CLANG_WARN_CONSTANT_CONVERSION = YES;
				CLANG_WARN_DEPRECATED_OBJC_IMPLEMENTATIONS = YES;
				CLANG_WARN_DIRECT_OBJC_ISA_USAGE = YES_ERROR;
				CLANG_WARN_DOCUMENTATION_COMMENTS = YES;
				CLANG_WARN_EMPTY_BODY = YES;
				CLANG_WARN_ENUM_CONVERSION = YES;
				CLANG_WARN_INFINITE_RECURSION = YES;
				CLANG_WARN_INT_CONVERSION = YES;
				CLANG_WARN_NON_LITERAL_NULL_CONVERSION = YES;
				CLANG_WARN_OBJC_IMPLICIT_RETAIN_SELF = YES;
				CLANG_WARN_OBJC_LITERAL_CONVERSION = YES;
				CLANG_WARN_OBJC_ROOT_CLASS = YES_ERROR;
				CLANG_WARN_RANGE_LOOP_ANALYSIS = YES;
				CLANG_WARN_STRICT_PROTOTYPES = YES;
				CLANG_WARN_SUSPICIOUS_MOVE = YES;
				CLANG_WARN_UNGUARDED_AVAILABILITY = YES_AGGRESSIVE;
				CLANG_WARN_UNREACHABLE_CODE = YES;
				CLANG_WARN__DUPLICATE_METHOD_MATCH = YES;
				COPY_PHASE_STRIP = NO;
				DEBUG_INFORMATION_FORMAT = dwarf;
				ENABLE_STRICT_OBJC_MSGSEND = YES;
				ENABLE_TESTABILITY = YES;
				GCC_C_LANGUAGE_STANDARD = gnu11;
				GCC_DYNAMIC_NO_PIC = NO;
				GCC_NO_COMMON_BLOCKS = YES;
				GCC_OPTIMIZATION_LEVEL = 0;
				GCC_PREPROCESSOR_DEFINITIONS = (
					"DEBUG=1",
					"$(inherited)",
				);
				GCC_WARN_64_TO_32_BIT_CONVERSION = YES;
				GCC_WARN_ABOUT_RETURN_TYPE = YES_ERROR;
				GCC_WARN_UNDECLARED_SELECTOR = YES;
				GCC_WARN_UNINITIALIZED_AUTOS = YES_AGGRESSIVE;
				GCC_WARN_UNUSED_FUNCTION = YES;
				GCC_WARN_UNUSED_VARIABLE = YES;
				IPHONEOS_DEPLOYMENT_TARGET = 13.5;
				MTL_ENABLE_DEBUG_INFO = INCLUDE_SOURCE;
				MTL_FAST_MATH = YES;
				ONLY_ACTIVE_ARCH = YES;
				SDKROOT = iphoneos;
			};
			name = Debug;
		};
		2267B33924ACB867009827E5 /* Release */ = {
			isa = XCBuildConfiguration;
			buildSettings = {
				ALWAYS_SEARCH_USER_PATHS = NO;
				CLANG_ANALYZER_NONNULL = YES;
				CLANG_ANALYZER_NUMBER_OBJECT_CONVERSION = YES_AGGRESSIVE;
				CLANG_CXX_LANGUAGE_STANDARD = "gnu++14";
				CLANG_CXX_LIBRARY = "libc++";
				CLANG_ENABLE_MODULES = YES;
				CLANG_ENABLE_OBJC_ARC = YES;
				CLANG_ENABLE_OBJC_WEAK = YES;
				CLANG_WARN_BLOCK_CAPTURE_AUTORELEASING = YES;
				CLANG_WARN_BOOL_CONVERSION = YES;
				CLANG_WARN_COMMA = YES;
				CLANG_WARN_CONSTANT_CONVERSION = YES;
				CLANG_WARN_DEPRECATED_OBJC_IMPLEMENTATIONS = YES;
				CLANG_WARN_DIRECT_OBJC_ISA_USAGE = YES_ERROR;
				CLANG_WARN_DOCUMENTATION_COMMENTS = YES;
				CLANG_WARN_EMPTY_BODY = YES;
				CLANG_WARN_ENUM_CONVERSION = YES;
				CLANG_WARN_INFINITE_RECURSION = YES;
				CLANG_WARN_INT_CONVERSION = YES;
				CLANG_WARN_NON_LITERAL_NULL_CONVERSION = YES;
				CLANG_WARN_OBJC_IMPLICIT_RETAIN_SELF = YES;
				CLANG_WARN_OBJC_LITERAL_CONVERSION = YES;
				CLANG_WARN_OBJC_ROOT_CLASS = YES_ERROR;
				CLANG_WARN_RANGE_LOOP_ANALYSIS = YES;
				CLANG_WARN_STRICT_PROTOTYPES = YES;
				CLANG_WARN_SUSPICIOUS_MOVE = YES;
				CLANG_WARN_UNGUARDED_AVAILABILITY = YES_AGGRESSIVE;
				CLANG_WARN_UNREACHABLE_CODE = YES;
				CLANG_WARN__DUPLICATE_METHOD_MATCH = YES;
				COPY_PHASE_STRIP = NO;
				DEBUG_INFORMATION_FORMAT = "dwarf-with-dsym";
				ENABLE_NS_ASSERTIONS = NO;
				ENABLE_STRICT_OBJC_MSGSEND = YES;
				GCC_C_LANGUAGE_STANDARD = gnu11;
				GCC_NO_COMMON_BLOCKS = YES;
				GCC_WARN_64_TO_32_BIT_CONVERSION = YES;
				GCC_WARN_ABOUT_RETURN_TYPE = YES_ERROR;
				GCC_WARN_UNDECLARED_SELECTOR = YES;
				GCC_WARN_UNINITIALIZED_AUTOS = YES_AGGRESSIVE;
				GCC_WARN_UNUSED_FUNCTION = YES;
				GCC_WARN_UNUSED_VARIABLE = YES;
				IPHONEOS_DEPLOYMENT_TARGET = 13.5;
				MTL_ENABLE_DEBUG_INFO = NO;
				MTL_FAST_MATH = YES;
				SDKROOT = iphoneos;
				VALIDATE_PRODUCT = YES;
			};
			name = Release;
		};
		2267B33B24ACB867009827E5 /* Debug */ = {
			isa = XCBuildConfiguration;
			buildSettings = {
				ASSETCATALOG_COMPILER_APPICON_NAME = AppIcon;
				CODE_SIGN_STYLE = Automatic;
				INFOPLIST_FILE = FoodVerse/Info.plist;
				LD_RUNPATH_SEARCH_PATHS = (
					"$(inherited)",
					"@executable_path/Frameworks",
				);
				PRODUCT_BUNDLE_IDENTIFIER = com.busyarrow.FoodVerse;
				PRODUCT_NAME = "$(TARGET_NAME)";
				TARGETED_DEVICE_FAMILY = "1,2";
			};
			name = Debug;
		};
		2267B33C24ACB867009827E5 /* Release */ = {
			isa = XCBuildConfiguration;
			buildSettings = {
				ASSETCATALOG_COMPILER_APPICON_NAME = AppIcon;
				CODE_SIGN_STYLE = Automatic;
				INFOPLIST_FILE = FoodVerse/Info.plist;
				LD_RUNPATH_SEARCH_PATHS = (
					"$(inherited)",
					"@executable_path/Frameworks",
				);
				PRODUCT_BUNDLE_IDENTIFIER = com.busyarrow.FoodVerse;
				PRODUCT_NAME = "$(TARGET_NAME)";
				TARGETED_DEVICE_FAMILY = "1,2";
			};
			name = Release;
		};
/* End XCBuildConfiguration section */

/* Begin XCConfigurationList section */
		2267B31C24ACB861009827E5 /* Build configuration list for PBXProject "FoodVerse" */ = {
			isa = XCConfigurationList;
			buildConfigurations = (
				2267B33824ACB867009827E5 /* Debug */,
				2267B33924ACB867009827E5 /* Release */,
			);
			defaultConfigurationIsVisible = 0;
			defaultConfigurationName = Release;
		};
		2267B33A24ACB867009827E5 /* Build configuration list for PBXNativeTarget "FoodVerse" */ = {
			isa = XCConfigurationList;
			buildConfigurations = (
				2267B33B24ACB867009827E5 /* Debug */,
				2267B33C24ACB867009827E5 /* Release */,
			);
			defaultConfigurationIsVisible = 0;
			defaultConfigurationName = Release;
		};
/* End XCConfigurationList section */
	};
	rootObject = 2267B31924ACB861009827E5 /* Project object */;
}
